
Microsoft Visual Studio Solution File, Format Version 12.00
# Visual Studio Version 16
VisualStudioVersion = 16.0.30114.105
MinimumVisualStudioVersion = 10.0.40219.1
Project("{FAE04EC0-301F-11D3-BF4B-00C04F79EFBC}") = "AlienTalk", "AlienTalk.csproj", "{E9BF95FC-5759-4405-9344-A11B49828A06}"
EndProject
Global
	GlobalSection(SolutionConfigurationPlatforms) = preSolution
		Debug|Any CPU = Debug|Any CPU
		Release|Any CPU = Release|Any CPU
	EndGlobalSection
	GlobalSection(ProjectConfigurationPlatforms) = postSolution
		{E9BF95FC-5759-4405-9344-A11B49828A06}.Debug|Any CPU.ActiveCfg = Debug|Any CPU
		{E9BF95FC-5759-4405-9344-A11B49828A06}.Debug|Any CPU.Build.0 = Debug|Any CPU
		{E9BF95FC-5759-4405-9344-A11B49828A06}.Release|Any CPU.ActiveCfg = Release|Any CPU
		{E9BF95FC-5759-4405-9344-A11B49828A06}.Release|Any CPU.Build.0 = Release|Any CPU
	EndGlobalSection
	GlobalSection(SolutionProperties) = preSolution
		HideSolutionNode = FALSE
	EndGlobalSection
	GlobalSection(ExtensibilityGlobals) = postSolution
		SolutionGuid = {0EC04B57-BE5A-4C2D-8F59-2D134BB552CA}
	EndGlobalSection
EndGlobal
